
Microsoft Visual Studio Solution File, Format Version 12.00
# Visual Studio Version 16
VisualStudioVersion = 16.0.33529.622
MinimumVisualStudioVersion = 10.0.40219.1
Project("{FAE04EC0-301F-11D3-BF4B-00C04F79EFBC}") = "ProjetoMosquitoVelho", "ProjetoMosquitoVelho\ProjetoMosquitoVelho.csproj", "{A95D5063-AA2F-4104-B492-BEA49B246A2D}"
EndProject
Global
	GlobalSection(SolutionConfigurationPlatforms) = preSolution
		Debug|Any CPU = Debug|Any CPU
		Release|Any CPU = Release|Any CPU
	EndGlobalSection
	GlobalSection(ProjectConfigurationPlatforms) = postSolution
		{A95D5063-AA2F-4104-B492-BEA49B246A2D}.Debug|Any CPU.ActiveCfg = Debug|Any CPU
		{A95D5063-AA2F-4104-B492-BEA49B246A2D}.Debug|Any CPU.Build.0 = Debug|Any CPU
		{A95D5063-AA2F-4104-B492-BEA49B246A2D}.Release|Any CPU.ActiveCfg = Release|Any CPU
		{A95D5063-AA2F-4104-B492-BEA49B246A2D}.Release|Any CPU.Build.0 = Release|Any CPU
	EndGlobalSection
	GlobalSection(SolutionProperties) = preSolution
		HideSolutionNode = FALSE
	EndGlobalSection
	GlobalSection(ExtensibilityGlobals) = postSolution
		SolutionGuid = {916554A7-5F5D-45BF-887B-5B2549A6B8E6}
	EndGlobalSection
EndGlobal
